
Microsoft Visual Studio Solution File, Format Version 12.00
# Visual Studio Version 16
VisualStudioVersion = 16.0.30225.117
MinimumVisualStudioVersion = 10.0.40219.1
Project("{FAE04EC0-301F-11D3-BF4B-00C04F79EFBC}") = "экзПМ.06", "экзПМ.06\экзПМ.06.csproj", "{65373567-40CE-49B7-8F2A-F06330B3BB05}"
EndProject
Global
	GlobalSection(SolutionConfigurationPlatforms) = preSolution
		Debug|Any CPU = Debug|Any CPU
		Release|Any CPU = Release|Any CPU
	EndGlobalSection
	GlobalSection(ProjectConfigurationPlatforms) = postSolution
		{65373567-40CE-49B7-8F2A-F06330B3BB05}.Debug|Any CPU.ActiveCfg = Debug|Any CPU
		{65373567-40CE-49B7-8F2A-F06330B3BB05}.Debug|Any CPU.Build.0 = Debug|Any CPU
		{65373567-40CE-49B7-8F2A-F06330B3BB05}.Release|Any CPU.ActiveCfg = Release|Any CPU
		{65373567-40CE-49B7-8F2A-F06330B3BB05}.Release|Any CPU.Build.0 = Release|Any CPU
	EndGlobalSection
	GlobalSection(SolutionProperties) = preSolution
		HideSolutionNode = FALSE
	EndGlobalSection
	GlobalSection(ExtensibilityGlobals) = postSolution
		SolutionGuid = {C05A8B8D-57C3-45CE-B37D-59AA1E69A570}
	EndGlobalSection
EndGlobal
